// !$*UTF8*$!
{
	archiveVersion = 1;
	classes = {
	};
	objectVersion = 46;
	objects = {

/* Begin PBXBuildFile section */
		566DCCDB1EDD6D3D0065D0DB /* AppDelegate.swift in Sources */ = {isa = PBXBuildFile; fileRef = 566DCCDA1EDD6D3D0065D0DB /* AppDelegate.swift */; };
		566DCCE21EDD6D3D0065D0DB /* Assets.xcassets in Resources */ = {isa = PBXBuildFile; fileRef = 566DCCE11EDD6D3D0065D0DB /* Assets.xcassets */; };
		566DCCE51EDD6D3D0065D0DB /* LaunchScreen.storyboard in Resources */ = {isa = PBXBuildFile; fileRef = 566DCCE31EDD6D3D0065D0DB /* LaunchScreen.storyboard */; };
		566DCCEE1EDD6E4E0065D0DB /* Main.storyboard in Resources */ = {isa = PBXBuildFile; fileRef = 566DCCEC1EDD6E4E0065D0DB /* Main.storyboard */; };
		566DCCF01EDD6E960065D0DB /* weatherVC.swift in Sources */ = {isa = PBXBuildFile; fileRef = 566DCCEF1EDD6E960065D0DB /* weatherVC.swift */; };
		566DCCF31EDD6F2F0065D0DB /* Constants.swift in Sources */ = {isa = PBXBuildFile; fileRef = 566DCCF11EDD6F2F0065D0DB /* Constants.swift */; };
		566DCCF41EDD6F2F0065D0DB /* CurrentWeather.swift in Sources */ = {isa = PBXBuildFile; fileRef = 566DCCF21EDD6F2F0065D0DB /* CurrentWeather.swift */; };
		566DCCF71EDD84570065D0DB /* Networking.framework in Frameworks */ = {isa = PBXBuildFile; fileRef = 566DCCF51EDD84570065D0DB /* Networking.framework */; };
		566DCCF81EDD84580065D0DB /* Networking.framework in Embed Frameworks */ = {isa = PBXBuildFile; fileRef = 566DCCF51EDD84570065D0DB /* Networking.framework */; settings = {ATTRIBUTES = (CodeSignOnCopy, RemoveHeadersOnCopy, ); }; };
		566DCCF91EDD84580065D0DB /* SwiftyJSON.framework in Frameworks */ = {isa = PBXBuildFile; fileRef = 566DCCF61EDD84570065D0DB /* SwiftyJSON.framework */; };
		566DCCFA1EDD84580065D0DB /* SwiftyJSON.framework in Embed Frameworks */ = {isa = PBXBuildFile; fileRef = 566DCCF61EDD84570065D0DB /* SwiftyJSON.framework */; settings = {ATTRIBUTES = (CodeSignOnCopy, RemoveHeadersOnCopy, ); }; };
/* End PBXBuildFile section */

/* Begin PBXCopyFilesBuildPhase section */
		566DCCFB1EDD84580065D0DB /* Embed Frameworks */ = {
			isa = PBXCopyFilesBuildPhase;
			buildActionMask = 2147483647;
			dstPath = "";
			dstSubfolderSpec = 10;
			files = (
				566DCCFA1EDD84580065D0DB /* SwiftyJSON.framework in Embed Frameworks */,
				566DCCF81EDD84580065D0DB /* Networking.framework in Embed Frameworks */,
			);
			name = "Embed Frameworks";
			runOnlyForDeploymentPostprocessing = 0;
		};
/* End PBXCopyFilesBuildPhase section */

/* Begin PBXFileReference section */
		566DCCD71EDD6D3D0065D0DB /* RhinyShiny2.app */ = {isa = PBXFileReference; explicitFileType = wrapper.application; includeInIndex = 0; path = RhinyShiny2.app; sourceTree = BUILT_PRODUCTS_DIR; };
		566DCCDA1EDD6D3D0065D0DB /* AppDelegate.swift */ = {isa = PBXFileReference; lastKnownFileType = sourcecode.swift; path = AppDelegate.swift; sourceTree = "<group>"; };
		566DCCE11EDD6D3D0065D0DB /* Assets.xcassets */ = {isa = PBXFileReference; lastKnownFileType = folder.assetcatalog; path = Assets.xcassets; sourceTree = "<group>"; };
		566DCCE41EDD6D3D0065D0DB /* Base */ = {isa = PBXFileReference; lastKnownFileType = file.storyboard; name = Base; path = Base.lproj/LaunchScreen.storyboard; sourceTree = "<group>"; };
		566DCCE61EDD6D3D0065D0DB /* Info.plist */ = {isa = PBXFileReference; lastKnownFileType = text.plist.xml; path = Info.plist; sourceTree = "<group>"; };
		566DCCED1EDD6E4E0065D0DB /* Base */ = {isa = PBXFileReference; lastKnownFileType = file.storyboard; name = Base; path = "../../../../Google Drive/IosProjects/RhinyShiny/RhinyShiny/Base.lproj/Main.storyboard"; sourceTree = "<group>"; };
		566DCCEF1EDD6E960065D0DB /* weatherVC.swift */ = {isa = PBXFileReference; fileEncoding = 4; lastKnownFileType = sourcecode.swift; name = weatherVC.swift; path = "../../../../Google Drive/IosProjects/RhinyShiny/RhinyShiny/weatherVC.swift"; sourceTree = "<group>"; };
		566DCCF11EDD6F2F0065D0DB /* Constants.swift */ = {isa = PBXFileReference; fileEncoding = 4; lastKnownFileType = sourcecode.swift; name = Constants.swift; path = "../../../../Google Drive/IosProjects/RhinyShiny/RhinyShiny/Constants.swift"; sourceTree = "<group>"; };
		566DCCF21EDD6F2F0065D0DB /* CurrentWeather.swift */ = {isa = PBXFileReference; fileEncoding = 4; lastKnownFileType = sourcecode.swift; name = CurrentWeather.swift; path = "../../../../Google Drive/IosProjects/RhinyShiny/RhinyShiny/CurrentWeather.swift"; sourceTree = "<group>"; };
		566DCCF51EDD84570065D0DB /* Networking.framework */ = {isa = PBXFileReference; lastKnownFileType = wrapper.framework; name = Networking.framework; path = Carthage/Build/iOS/Networking.framework; sourceTree = "<group>"; };
		566DCCF61EDD84570065D0DB /* SwiftyJSON.framework */ = {isa = PBXFileReference; lastKnownFileType = wrapper.framework; name = SwiftyJSON.framework; path = Carthage/Build/iOS/SwiftyJSON.framework; sourceTree = "<group>"; };
/* End PBXFileReference section */

/* Begin PBXFrameworksBuildPhase section */
		566DCCD41EDD6D3D0065D0DB /* Frameworks */ = {
			isa = PBXFrameworksBuildPhase;
			buildActionMask = 2147483647;
			files = (
				566DCCF91EDD84580065D0DB /* SwiftyJSON.framework in Frameworks */,
				566DCCF71EDD84570065D0DB /* Networking.framework in Frameworks */,
			);
			runOnlyForDeploymentPostprocessing = 0;
		};
/* End PBXFrameworksBuildPhase section */

/* Begin PBXGroup section */
		566DCCCE1EDD6D3C0065D0DB = {
			isa = PBXGroup;
			children = (
				566DCCD91EDD6D3D0065D0DB /* RhinyShiny2 */,
				566DCCD81EDD6D3D0065D0DB /* Products */,
				566DCCF51EDD84570065D0DB /* Networking.framework */,
				566DCCF61EDD84570065D0DB /* SwiftyJSON.framework */,
			);
			sourceTree = "<group>";
		};
		566DCCD81EDD6D3D0065D0DB /* Products */ = {
			isa = PBXGroup;
			children = (
				566DCCD71EDD6D3D0065D0DB /* RhinyShiny2.app */,
			);
			name = Products;
			sourceTree = "<group>";
		};
		566DCCD91EDD6D3D0065D0DB /* RhinyShiny2 */ = {
			isa = PBXGroup;
			children = (
				566DCCF11EDD6F2F0065D0DB /* Constants.swift */,
				566DCCF21EDD6F2F0065D0DB /* CurrentWeather.swift */,
				566DCCEF1EDD6E960065D0DB /* weatherVC.swift */,
				566DCCDA1EDD6D3D0065D0DB /* AppDelegate.swift */,
				566DCCE11EDD6D3D0065D0DB /* Assets.xcassets */,
				566DCCEC1EDD6E4E0065D0DB /* Main.storyboard */,
				566DCCE31EDD6D3D0065D0DB /* LaunchScreen.storyboard */,
				566DCCE61EDD6D3D0065D0DB /* Info.plist */,
			);
			path = RhinyShiny2;
			sourceTree = "<group>";
		};
/* End PBXGroup section */

/* Begin PBXNativeTarget section */
		566DCCD61EDD6D3D0065D0DB /* RhinyShiny2 */ = {
			isa = PBXNativeTarget;
			buildConfigurationList = 566DCCE91EDD6D3D0065D0DB /* Build configuration list for PBXNativeTarget "RhinyShiny2" */;
			buildPhases = (
				566DCCD31EDD6D3D0065D0DB /* Sources */,
				566DCCD41EDD6D3D0065D0DB /* Frameworks */,
				566DCCD51EDD6D3D0065D0DB /* Resources */,
				566DCCFB1EDD84580065D0DB /* Embed Frameworks */,
				566DCCFC1EDD85310065D0DB /* ShellScript */,
			);
			buildRules = (
			);
			dependencies = (
			);
			name = RhinyShiny2;
			productName = RhinyShiny2;
			productReference = 566DCCD71EDD6D3D0065D0DB /* RhinyShiny2.app */;
			productType = "com.apple.product-type.application";
		};
/* End PBXNativeTarget section */

/* Begin PBXProject section */
		566DCCCF1EDD6D3C0065D0DB /* Project object */ = {
			isa = PBXProject;
			attributes = {
				LastSwiftUpdateCheck = 0830;
				LastUpgradeCheck = 0830;
				ORGANIZATIONNAME = "shaik mulla syed";
				TargetAttributes = {
					566DCCD61EDD6D3D0065D0DB = {
						CreatedOnToolsVersion = 8.3.2;
						ProvisioningStyle = Automatic;
					};
				};
			};
			buildConfigurationList = 566DCCD21EDD6D3C0065D0DB /* Build configuration list for PBXProject "RhinyShiny2" */;
			compatibilityVersion = "Xcode 3.2";
			developmentRegion = English;
			hasScannedForEncodings = 0;
			knownRegions = (
				en,
				Base,
			);
			mainGroup = 566DCCCE1EDD6D3C0065D0DB;
			productRefGroup = 566DCCD81EDD6D3D0065D0DB /* Products */;
			projectDirPath = "";
			projectRoot = "";
			targets = (
				566DCCD61EDD6D3D0065D0DB /* RhinyShiny2 */,
			);
		};
/* End PBXProject section */

/* Begin PBXResourcesBuildPhase section */
		566DCCD51EDD6D3D0065D0DB /* Resources */ = {
			isa = PBXResourcesBuildPhase;
			buildActionMask = 2147483647;
			files = (
				566DCCEE1EDD6E4E0065D0DB /* Main.storyboard in Resources */,
				566DCCE51EDD6D3D0065D0DB /* LaunchScreen.storyboard in Resources */,
				566DCCE21EDD6D3D0065D0DB /* Assets.xcassets in Resources */,
			);
			runOnlyForDeploymentPostprocessing = 0;
		};
/* End PBXResourcesBuildPhase section */

/* Begin PBXShellScriptBuildPhase section */
		566DCCFC1EDD85310065D0DB /* ShellScript */ = {
			isa = PBXShellScriptBuildPhase;
			buildActionMask = 2147483647;
			files = (
			);
			inputPaths = (
				"$(SRCROOT)/Carthage/Build/iOS/Networking.framework",
				"$(SRCROOT)/Carthage/Build/iOS/SwiftyJSON.framework",
			);
			outputPaths = (
			);
			runOnlyForDeploymentPostprocessing = 0;
			shellPath = /bin/sh;
			shellScript = "/usr/local/bin/carthage copy-frameworks";
		};
/* End PBXShellScriptBuildPhase section */

/* Begin PBXSourcesBuildPhase section */
		566DCCD31EDD6D3D0065D0DB /* Sources */ = {
			isa = PBXSourcesBuildPhase;
			buildActionMask = 2147483647;
			files = (
				566DCCDB1EDD6D3D0065D0DB /* AppDelegate.swift in Sources */,
				566DCCF01EDD6E960065D0DB /* weatherVC.swift in Sources */,
				566DCCF41EDD6F2F0065D0DB /* CurrentWeather.swift in Sources */,
				566DCCF31EDD6F2F0065D0DB /* Constants.swift in Sources */,
			);
			runOnlyForDeploymentPostprocessing = 0;
		};
/* End PBXSourcesBuildPhase section */

/* Begin PBXVariantGroup section */
		566DCCE31EDD6D3D0065D0DB /* LaunchScreen.storyboard */ = {
			isa = PBXVariantGroup;
			children = (
				566DCCE41EDD6D3D0065D0DB /* Base */,
			);
			name = LaunchScreen.storyboard;
			sourceTree = "<group>";
		};
		566DCCEC1EDD6E4E0065D0DB /* Main.storyboard */ = {
			isa = PBXVariantGroup;
			children = (
				566DCCED1EDD6E4E0065D0DB /* Base */,
			);
			name = Main.storyboard;
			sourceTree = "<group>";
		};
/* End PBXVariantGroup section */

/* Begin XCBuildConfiguration section */
		566DCCE71EDD6D3D0065D0DB /* Debug */ = {
			isa = XCBuildConfiguration;
			buildSettings = {
				ALWAYS_SEARCH_USER_PATHS = NO;
				CLANG_ANALYZER_NONNULL = YES;
				CLANG_ANALYZER_NUMBER_OBJECT_CONVERSION = YES_AGGRESSIVE;
				CLANG_CXX_LANGUAGE_STANDARD = "gnu++0x";
				CLANG_CXX_LIBRARY = "libc++";
				CLANG_ENABLE_MODULES = YES;
				CLANG_ENABLE_OBJC_ARC = YES;
				CLANG_WARN_BOOL_CONVERSION = YES;
				CLANG_WARN_CONSTANT_CONVERSION = YES;
				CLANG_WARN_DIRECT_OBJC_ISA_USAGE = YES_ERROR;
				CLANG_WARN_DOCUMENTATION_COMMENTS = YES;
				CLANG_WARN_EMPTY_BODY = YES;
				CLANG_WARN_ENUM_CONVERSION = YES;
				CLANG_WARN_INFINITE_RECURSION = YES;
				CLANG_WARN_INT_CONVERSION = YES;
				CLANG_WARN_OBJC_ROOT_CLASS = YES_ERROR;
				CLANG_WARN_SUSPICIOUS_MOVE = YES;
				CLANG_WARN_UNREACHABLE_CODE = YES;
				CLANG_WARN__DUPLICATE_METHOD_MATCH = YES;
				"CODE_SIGN_IDENTITY[sdk=iphoneos*]" = "iPhone Developer";
				COPY_PHASE_STRIP = NO;
				DEBUG_INFORMATION_FORMAT = dwarf;
				ENABLE_STRICT_OBJC_MSGSEND = YES;
				ENABLE_TESTABILITY = YES;
				GCC_C_LANGUAGE_STANDARD = gnu99;
				GCC_DYNAMIC_NO_PIC = NO;
				GCC_NO_COMMON_BLOCKS = YES;
				GCC_OPTIMIZATION_LEVEL = 0;
				GCC_PREPROCESSOR_DEFINITIONS = (
					"DEBUG=1",
					"$(inherited)",
				);
				GCC_WARN_64_TO_32_BIT_CONVERSION = YES;
				GCC_WARN_ABOUT_RETURN_TYPE = YES_ERROR;
				GCC_WARN_UNDECLARED_SELECTOR = YES;
				GCC_WARN_UNINITIALIZED_AUTOS = YES_AGGRESSIVE;
				GCC_WARN_UNUSED_FUNCTION = YES;
				GCC_WARN_UNUSED_VARIABLE = YES;
				IPHONEOS_DEPLOYMENT_TARGET = 10.3;
				MTL_ENABLE_DEBUG_INFO = YES;
				ONLY_ACTIVE_ARCH = YES;
				SDKROOT = iphoneos;
				SWIFT_ACTIVE_COMPILATION_CONDITIONS = DEBUG;
				SWIFT_OPTIMIZATION_LEVEL = "-Onone";
			};
			name = Debug;
		};
		566DCCE81EDD6D3D0065D0DB /* Release */ = {
			isa = XCBuildConfiguration;
			buildSettings = {
				ALWAYS_SEARCH_USER_PATHS = NO;
				CLANG_ANALYZER_NONNULL = YES;
				CLANG_ANALYZER_NUMBER_OBJECT_CONVERSION = YES_AGGRESSIVE;
				CLANG_CXX_LANGUAGE_STANDARD = "gnu++0x";
				CLANG_CXX_LIBRARY = "libc++";
				CLANG_ENABLE_MODULES = YES;
				CLANG_ENABLE_OBJC_ARC = YES;
				CLANG_WARN_BOOL_CONVERSION = YES;
				CLANG_WARN_CONSTANT_CONVERSION = YES;
				CLANG_WARN_DIRECT_OBJC_ISA_USAGE = YES_ERROR;
				CLANG_WARN_DOCUMENTATION_COMMENTS = YES;
				CLANG_WARN_EMPTY_BODY = YES;
				CLANG_WARN_ENUM_CONVERSION = YES;
				CLANG_WARN_INFINITE_RECURSION = YES;
				CLANG_WARN_INT_CONVERSION = YES;
				CLANG_WARN_OBJC_ROOT_CLASS = YES_ERROR;
				CLANG_WARN_SUSPICIOUS_MOVE = YES;
				CLANG_WARN_UNREACHABLE_CODE = YES;
				CLANG_WARN__DUPLICATE_METHOD_MATCH = YES;
				"CODE_SIGN_IDENTITY[sdk=iphoneos*]" = "iPhone Developer";
				COPY_PHASE_STRIP = NO;
				DEBUG_INFORMATION_FORMAT = "dwarf-with-dsym";
				ENABLE_NS_ASSERTIONS = NO;
				ENABLE_STRICT_OBJC_MSGSEND = YES;
				GCC_C_LANGUAGE_STANDARD = gnu99;
				GCC_NO_COMMON_BLOCKS = YES;
				GCC_WARN_64_TO_32_BIT_CONVERSION = YES;
				GCC_WARN_ABOUT_RETURN_TYPE = YES_ERROR;
				GCC_WARN_UNDECLARED_SELECTOR = YES;
				GCC_WARN_UNINITIALIZED_AUTOS = YES_AGGRESSIVE;
				GCC_WARN_UNUSED_FUNCTION = YES;
				GCC_WARN_UNUSED_VARIABLE = YES;
				IPHONEOS_DEPLOYMENT_TARGET = 10.3;
				MTL_ENABLE_DEBUG_INFO = NO;
				SDKROOT = iphoneos;
				SWIFT_OPTIMIZATION_LEVEL = "-Owholemodule";
				VALIDATE_PRODUCT = YES;
			};
			name = Release;
		};
		566DCCEA1EDD6D3D0065D0DB /* Debug */ = {
			isa = XCBuildConfiguration;
			buildSettings = {
				ASSETCATALOG_COMPILER_APPICON_NAME = AppIcon;
				FRAMEWORK_SEARCH_PATHS = (
					"$(inherited)",
					"$(PROJECT_DIR)/Carthage/Build/iOS",
				);
				INFOPLIST_FILE = RhinyShiny2/Info.plist;
				IPHONEOS_DEPLOYMENT_TARGET = 10.0;
				LD_RUNPATH_SEARCH_PATHS = "$(inherited) @executable_path/Frameworks";
				PRODUCT_BUNDLE_IDENTIFIER = daralriyadh.RhinyShiny2;
				PRODUCT_NAME = "$(TARGET_NAME)";
				SWIFT_VERSION = 3.0;
			};
			name = Debug;
		};
		566DCCEB1EDD6D3D0065D0DB /* Release */ = {
			isa = XCBuildConfiguration;
			buildSettings = {
				ASSETCATALOG_COMPILER_APPICON_NAME = AppIcon;
				FRAMEWORK_SEARCH_PATHS = (
					"$(inherited)",
					"$(PROJECT_DIR)/Carthage/Build/iOS",
				);
				INFOPLIST_FILE = RhinyShiny2/Info.plist;
				IPHONEOS_DEPLOYMENT_TARGET = 10.0;
				LD_RUNPATH_SEARCH_PATHS = "$(inherited) @executable_path/Frameworks";
				PRODUCT_BUNDLE_IDENTIFIER = daralriyadh.RhinyShiny2;
				PRODUCT_NAME = "$(TARGET_NAME)";
				SWIFT_VERSION = 3.0;
			};
			name = Release;
		};
/* End XCBuildConfiguration section */

/* Begin XCConfigurationList section */
		566DCCD21EDD6D3C0065D0DB /* Build configuration list for PBXProject "RhinyShiny2" */ = {
			isa = XCConfigurationList;
			buildConfigurations = (
				566DCCE71EDD6D3D0065D0DB /* Debug */,
				566DCCE81EDD6D3D0065D0DB /* Release */,
			);
			defaultConfigurationIsVisible = 0;
			defaultConfigurationName = Release;
		};
		566DCCE91EDD6D3D0065D0DB /* Build configuration list for PBXNativeTarget "RhinyShiny2" */ = {
			isa = XCConfigurationList;
			buildConfigurations = (
				566DCCEA1EDD6D3D0065D0DB /* Debug */,
				566DCCEB1EDD6D3D0065D0DB /* Release */,
			);
			defaultConfigurationIsVisible = 0;
		};
/* End XCConfigurationList section */
	};
	rootObject = 566DCCCF1EDD6D3C0065D0DB /* Project object */;
}
